
Microsoft Visual Studio Solution File, Format Version 12.00
# Visual Studio Version 17
VisualStudioVersion = 17.5.33424.131
MinimumVisualStudioVersion = 10.0.40219.1
Project("{FAE04EC0-301F-11D3-BF4B-00C04F79EFBC}") = "Aula06", "Aula06.csproj", "{9AF6261F-F507-41BA-9CA1-D8CFFD66A584}"
EndProject
Global
	GlobalSection(SolutionConfigurationPlatforms) = preSolution
		Debug|Any CPU = Debug|Any CPU
		Release|Any CPU = Release|Any CPU
	EndGlobalSection
	GlobalSection(ProjectConfigurationPlatforms) = postSolution
		{9AF6261F-F507-41BA-9CA1-D8CFFD66A584}.Debug|Any CPU.ActiveCfg = Debug|Any CPU
		{9AF6261F-F507-41BA-9CA1-D8CFFD66A584}.Debug|Any CPU.Build.0 = Debug|Any CPU
		{9AF6261F-F507-41BA-9CA1-D8CFFD66A584}.Release|Any CPU.ActiveCfg = Release|Any CPU
		{9AF6261F-F507-41BA-9CA1-D8CFFD66A584}.Release|Any CPU.Build.0 = Release|Any CPU
	EndGlobalSection
	GlobalSection(SolutionProperties) = preSolution
		HideSolutionNode = FALSE
	EndGlobalSection
	GlobalSection(ExtensibilityGlobals) = postSolution
		SolutionGuid = {D9B0EAF6-8290-4C99-BB81-D41BB9C7D618}
	EndGlobalSection
EndGlobal
